
Microsoft Visual Studio Solution File, Format Version 12.00
# Visual Studio Version 17
VisualStudioVersion = 17.13.36105.23 d17.13
MinimumVisualStudioVersion = 10.0.40219.1
Project("{FAE04EC0-301F-11D3-BF4B-00C04F79EFBC}") = "Presentation", "Presentation\Presentation.csproj", "{EB8ED787-0E00-461C-B815-6E5BDE8DCBFE}"
EndProject
Project("{FAE04EC0-301F-11D3-BF4B-00C04F79EFBC}") = "Application", "Application\Application.csproj", "{3533D379-7E4D-4C99-A97B-9D6C5A888154}"
EndProject
Project("{FAE04EC0-301F-11D3-BF4B-00C04F79EFBC}") = "Persistence", "Persistence\Persistence.csproj", "{5217A6B2-DBFF-4F32-BF42-A80C4CEDA3EC}"
EndProject
Global
	GlobalSection(SolutionConfigurationPlatforms) = preSolution
		Debug|Any CPU = Debug|Any CPU
		Release|Any CPU = Release|Any CPU
	EndGlobalSection
	GlobalSection(ProjectConfigurationPlatforms) = postSolution
		{EB8ED787-0E00-461C-B815-6E5BDE8DCBFE}.Debug|Any CPU.ActiveCfg = Debug|Any CPU
		{EB8ED787-0E00-461C-B815-6E5BDE8DCBFE}.Debug|Any CPU.Build.0 = Debug|Any CPU
		{EB8ED787-0E00-461C-B815-6E5BDE8DCBFE}.Release|Any CPU.ActiveCfg = Release|Any CPU
		{EB8ED787-0E00-461C-B815-6E5BDE8DCBFE}.Release|Any CPU.Build.0 = Release|Any CPU
		{3533D379-7E4D-4C99-A97B-9D6C5A888154}.Debug|Any CPU.ActiveCfg = Debug|Any CPU
		{3533D379-7E4D-4C99-A97B-9D6C5A888154}.Debug|Any CPU.Build.0 = Debug|Any CPU
		{3533D379-7E4D-4C99-A97B-9D6C5A888154}.Release|Any CPU.ActiveCfg = Release|Any CPU
		{3533D379-7E4D-4C99-A97B-9D6C5A888154}.Release|Any CPU.Build.0 = Release|Any CPU
		{5217A6B2-DBFF-4F32-BF42-A80C4CEDA3EC}.Debug|Any CPU.ActiveCfg = Debug|Any CPU
		{5217A6B2-DBFF-4F32-BF42-A80C4CEDA3EC}.Debug|Any CPU.Build.0 = Debug|Any CPU
		{5217A6B2-DBFF-4F32-BF42-A80C4CEDA3EC}.Release|Any CPU.ActiveCfg = Release|Any CPU
		{5217A6B2-DBFF-4F32-BF42-A80C4CEDA3EC}.Release|Any CPU.Build.0 = Release|Any CPU
	EndGlobalSection
	GlobalSection(SolutionProperties) = preSolution
		HideSolutionNode = FALSE
	EndGlobalSection
	GlobalSection(ExtensibilityGlobals) = postSolution
		SolutionGuid = {38F889C0-C454-4A1A-837C-E6CCAB473C0C}
	EndGlobalSection
EndGlobal
